
Microsoft Visual Studio Solution File, Format Version 12.00
# Visual Studio Version 16
VisualStudioVersion = 16.0.30204.135
MinimumVisualStudioVersion = 10.0.40219.1
Project("{8BC9CEB8-8B4A-11D0-8D11-00A0C91BC942}") = "Cubet", "Cubet.vcxproj", "{1914AEFB-792A-4ED1-BB29-4D8A3327F7A8}"
EndProject
Global
	GlobalSection(SolutionConfigurationPlatforms) = preSolution
		Debug|x64 = Debug|x64
		Debug|x86 = Debug|x86
		Release|x64 = Release|x64
		Release|x86 = Release|x86
	EndGlobalSection
	GlobalSection(ProjectConfigurationPlatforms) = postSolution
		{1914AEFB-792A-4ED1-BB29-4D8A3327F7A8}.Debug|x64.ActiveCfg = Debug|x64
		{1914AEFB-792A-4ED1-BB29-4D8A3327F7A8}.Debug|x64.Build.0 = Debug|x64
		{1914AEFB-792A-4ED1-BB29-4D8A3327F7A8}.Debug|x86.ActiveCfg = Debug|Win32
		{1914AEFB-792A-4ED1-BB29-4D8A3327F7A8}.Debug|x86.Build.0 = Debug|Win32
		{1914AEFB-792A-4ED1-BB29-4D8A3327F7A8}.Release|x64.ActiveCfg = Release|x64
		{1914AEFB-792A-4ED1-BB29-4D8A3327F7A8}.Release|x64.Build.0 = Release|x64
		{1914AEFB-792A-4ED1-BB29-4D8A3327F7A8}.Release|x86.ActiveCfg = Release|Win32
		{1914AEFB-792A-4ED1-BB29-4D8A3327F7A8}.Release|x86.Build.0 = Release|Win32
	EndGlobalSection
	GlobalSection(SolutionProperties) = preSolution
		HideSolutionNode = FALSE
	EndGlobalSection
	GlobalSection(ExtensibilityGlobals) = postSolution
		SolutionGuid = {B0B1BA4B-ED0F-4CC9-82F2-EB1EBA201D1F}
	EndGlobalSection
EndGlobal
